# This file is automatically @generated by Cargo.
# It is not intended for manual editing.
version = 4

[[package]]
name = "qtv-crypto"
version = "0.3.0"
source = "git+https://github.com/Quantova/Q-Crypto.git?rev=33c7e9395ad23f07019909470d319211213e904f#33c7e9395ad23f07019909470d319211213e904f"

[[package]]
name = "qtv-vm"
version = "0.2.0"
dependencies = [
 "qtv-crypto",
]

[[package]]
name = "qvm-poc"
version = "0.0.0"
dependencies = [
 "qtv-crypto",
 "qtv-vm",
]
